{
  "name": "example",
  "lockfileVersion": 3,
  "requires": true,
  "packages": {
    "": {
      "dependencies": {
        "@bytecodealliance/componentize-js": "^0.0.5"
      }
    },
    "node_modules/@bytecodealliance/componentize-js": {
      "version": "0.0.5",
      "resolved": "https://registry.npmjs.org/@bytecodealliance/componentize-js/-/componentize-js-0.0.5.tgz",
      "integrity": "sha512-esTrs8KzzWQpMoDvLwrD42JsIFul8O6EWl0w4VxDluOMAeYrqhqCUlSFMpHvyycxz6gTuOUWS5xFD02t9dOrlg==",
      "dependencies": {
        "@bytecodealliance/jco": "^0.5.5",
        "@bytecodealliance/wizer": "^1.6.1-beta.4"
      }
    },
    "node_modules/@bytecodealliance/jco": {
      "version": "0.5.5",
      "resolved": "https://registry.npmjs.org/@bytecodealliance/jco/-/jco-0.5.5.tgz",
      "integrity": "sha512-WjKO+ih8asN7KvWFEMrQBrikeqvPnEZQHGzlvpne1Ymkhz2+z6VTvac9ynt8JlFCAMc24IY8rPq2NpS3vx/NhQ==",
      "bin": {
        "jco": "cli.mjs"
      }
    },
    "node_modules/@bytecodealliance/wizer": {
      "version": "1.6.1-beta.4",
      "resolved": "https://registry.npmjs.org/@bytecodealliance/wizer/-/wizer-1.6.1-beta.4.tgz",
      "integrity": "sha512-afgV4lyYVMBN/9/yNDgYGTn92D7VrqS0yTZ3WZgDyDTiOWjmSuQimEiX+VzCiYjF9GXsKwzCY1FEOu1pY2Evgw==",
      "bin": {
        "wizer": "wizer.js"
      },
      "engines": {
        "node": ">=16"
      },
      "optionalDependencies": {
        "@bytecodealliance/wizer-darwin-arm64": "1.6.1-beta.4",
        "@bytecodealliance/wizer-darwin-x64": "1.6.1-beta.4",
        "@bytecodealliance/wizer-linux-x64": "1.6.1-beta.4",
        "@bytecodealliance/wizer-win32-x64": "1.6.1-beta.4"
      }
    },
    "node_modules/@bytecodealliance/wizer-darwin-arm64": {
      "version": "1.6.1-beta.4",
      "resolved": "https://registry.npmjs.org/@bytecodealliance/wizer-darwin-arm64/-/wizer-darwin-arm64-1.6.1-beta.4.tgz",
      "integrity": "sha512-NyleEH0GKBqS0DCuKceY3a2ZxF/aNzYa68swbKKljSFh6uo/3Cqr/U5/SuTxval6/VwtZ1eEzRPaLbLlUE5r4w==",
      "cpu": [
        "arm64"
      ],
      "optional": true,
      "os": [
        "darwin"
      ],
      "bin": {
        "wizer-darwin-arm64": "wizer"
      }
    },
    "node_modules/@bytecodealliance/wizer-darwin-x64": {
      "version": "1.6.1-beta.4",
      "resolved": "https://registry.npmjs.org/@bytecodealliance/wizer-darwin-x64/-/wizer-darwin-x64-1.6.1-beta.4.tgz",
      "integrity": "sha512-2s8HPLrttAyYUJNHQlLVi3rDGlnk9IzEJTbw0DApfpVnCZZ1aTLt6MXTIBeOYo9si5Q4cqyDHT5bAoNZvJTk9A==",
      "cpu": [
        "x64"
      ],
      "optional": true,
      "os": [
        "darwin"
      ],
      "bin": {
        "wizer-darwin-x64": "wizer"
      }
    },
    "node_modules/@bytecodealliance/wizer-linux-x64": {
      "version": "1.6.1-beta.4",
      "resolved": "https://registry.npmjs.org/@bytecodealliance/wizer-linux-x64/-/wizer-linux-x64-1.6.1-beta.4.tgz",
      "integrity": "sha512-S+oYRGGveuPLtiI6V7SQpZHhw43asLArC+fGrJRQ3OsHs8aj/IVusRLVYgWfKw1HtZm9iIWrjH9WYO6BWak4eQ==",
      "cpu": [
        "x64"
      ],
      "optional": true,
      "os": [
        "linux"
      ],
      "bin": {
        "wizer-linux-x64": "wizer"
      }
    },
    "node_modules/@bytecodealliance/wizer-win32-x64": {
      "version": "1.6.1-beta.4",
      "resolved": "https://registry.npmjs.org/@bytecodealliance/wizer-win32-x64/-/wizer-win32-x64-1.6.1-beta.4.tgz",
      "integrity": "sha512-NxqrLqFnaMyldkN7lBVS+Em23f84/RKrHjBXt9WnZK2RtJjvwoCXr+so6+qfj4f1K9BhIZ8UaBfYwqPvtLOcZQ==",
      "cpu": [
        "x64"
      ],
      "optional": true,
      "os": [
        "win32"
      ],
      "bin": {
        "wizer-win32-x64": "wizer"
      }
    }
  }
}
