# This file is automatically @generated by Cargo.
# It is not intended for manual editing.
version = 3

[[package]]
name = "ahash"
version = "0.8.6"
source = "registry+https://github.com/rust-lang/crates.io-index"
checksum = "91429305e9f0a25f6205c5b8e0d2db09e0708a7a6df0f42212bb56c32c8ac97a"
dependencies = [
 "cfg-if",
 "once_cell",
 "version_check",
 "zerocopy",
]

[[package]]
name = "anyhow"
version = "1.0.75"
source = "registry+https://github.com/rust-lang/crates.io-index"
checksum = "a4668cab20f66d8d020e1fbc0ebe47217433c1b6c8f2040faf858554e394ace6"

[[package]]
name = "autocfg"
version = "1.1.0"
source = "registry+https://github.com/rust-lang/crates.io-index"
checksum = "d468802bab17cbc0cc575e9b053f41e72aa36bfa6b7f55e3529ffa43161b97fa"

[[package]]
name = "base64"
version = "0.21.5"
source = "registry+https://github.com/rust-lang/crates.io-index"
checksum = "35636a1494ede3b646cc98f74f8e62c773a38a659ebc777a2cf26b9b74171df9"

[[package]]
name = "bitflags"
version = "2.4.1"
source = "registry+https://github.com/rust-lang/crates.io-index"
checksum = "327762f6e5a765692301e5bb513e0d9fef63be86bbc14528052b1cd3e6f03e07"

[[package]]
name = "cfg-if"
version = "1.0.0"
source = "registry+https://github.com/rust-lang/crates.io-index"
checksum = "baf1de4339761588bc0619e3cbc0120ee582ebb74b53b4efbf79117bd2da40fd"

[[package]]
name = "cranelift-entity"
version = "0.101.2"
source = "registry+https://github.com/rust-lang/crates.io-index"
checksum = "4917e2ed3bb5fe87d0ed88395ca6d644018d119a034faedd1f3e1f2c33cd52b2"
dependencies = [
 "serde",
 "serde_derive",
]

[[package]]
name = "crc32fast"
version = "1.3.2"
source = "registry+https://github.com/rust-lang/crates.io-index"
checksum = "b540bd8bc810d3885c6ea91e2018302f68baba2129ab3e88f32389ee9370880d"
dependencies = [
 "cfg-if",
]

[[package]]
name = "equivalent"
version = "1.0.1"
source = "registry+https://github.com/rust-lang/crates.io-index"
checksum = "5443807d6dff69373d433ab9ef5378ad8df50ca6298caf15de6e52e24aaf54d5"

[[package]]
name = "fallible-iterator"
version = "0.2.0"
source = "registry+https://github.com/rust-lang/crates.io-index"
checksum = "4443176a9f2c162692bd3d352d745ef9413eec5782a80d8fd6f8a1ac692a07f7"

[[package]]
name = "fallible-iterator"
version = "0.3.0"
source = "registry+https://github.com/rust-lang/crates.io-index"
checksum = "2acce4a10f12dc2fb14a218589d4f1f62ef011b2d0cc4b3cb1bba8e94da14649"

[[package]]
name = "gimli"
version = "0.26.2"
source = "registry+https://github.com/rust-lang/crates.io-index"
checksum = "22030e2c5a68ec659fde1e949a745124b48e6fa8b045b7ed5bd1fe4ccc5c4e5d"
dependencies = [
 "fallible-iterator 0.2.0",
 "indexmap 1.9.3",
 "stable_deref_trait",
]

[[package]]
name = "gimli"
version = "0.28.0"
source = "registry+https://github.com/rust-lang/crates.io-index"
checksum = "6fb8d784f27acf97159b40fc4db5ecd8aa23b9ad5ef69cdd136d3bc80665f0c0"
dependencies = [
 "fallible-iterator 0.3.0",
 "indexmap 2.0.2",
 "stable_deref_trait",
]

[[package]]
name = "hashbrown"
version = "0.12.3"
source = "registry+https://github.com/rust-lang/crates.io-index"
checksum = "8a9ee70c43aaf417c914396645a0fa852624801b24ebb7ae78fe8272889ac888"

[[package]]
name = "hashbrown"
version = "0.14.2"
source = "registry+https://github.com/rust-lang/crates.io-index"
checksum = "f93e7192158dbcda357bdec5fb5788eebf8bbac027f3f33e719d29135ae84156"
dependencies = [
 "ahash",
]

[[package]]
name = "heck"
version = "0.3.3"
source = "registry+https://github.com/rust-lang/crates.io-index"
checksum = "6d621efb26863f0e9924c6ac577e8275e5e6b77455db64ffa6c65c904e9e132c"
dependencies = [
 "unicode-segmentation",
]

[[package]]
name = "heck"
version = "0.4.1"
source = "registry+https://github.com/rust-lang/crates.io-index"
checksum = "95505c38b4572b2d910cecb0281560f54b440a19336cbbcb27bf6ce6adc6f5a8"
dependencies = [
 "unicode-segmentation",
]

[[package]]
name = "id-arena"
version = "2.2.1"
source = "registry+https://github.com/rust-lang/crates.io-index"
checksum = "25a2bc672d1148e28034f176e01fffebb08b35768468cc954630da77a1449005"

[[package]]
name = "indexmap"
version = "1.9.3"
source = "registry+https://github.com/rust-lang/crates.io-index"
checksum = "bd070e393353796e801d209ad339e89596eb4c8d430d18ede6a1cced8fafbd99"
dependencies = [
 "autocfg",
 "hashbrown 0.12.3",
]

[[package]]
name = "indexmap"
version = "2.0.2"
source = "registry+https://github.com/rust-lang/crates.io-index"
checksum = "8adf3ddd720272c6ea8bf59463c04e0f93d0bbf7c5439b691bca2987e0270897"
dependencies = [
 "equivalent",
 "hashbrown 0.14.2",
 "serde",
]

[[package]]
name = "itoa"
version = "1.0.9"
source = "registry+https://github.com/rust-lang/crates.io-index"
checksum = "af150ab688ff2122fcef229be89cb50dd66af9e01a4ff320cc137eecc9bacc38"

[[package]]
name = "js-component-bindgen"
version = "0.13.2"
source = "registry+https://github.com/rust-lang/crates.io-index"
checksum = "17d196a847c0c695c96f5f804b19253cb544e57b7f81b01ecd0574e3523e346d"
dependencies = [
 "anyhow",
 "base64",
 "heck 0.4.1",
 "indexmap 2.0.2",
 "wasm-encoder 0.35.0",
 "wasmtime-environ",
 "wit-bindgen-core",
 "wit-component",
 "wit-parser",
]

[[package]]
name = "leb128"
version = "0.2.5"
source = "registry+https://github.com/rust-lang/crates.io-index"
checksum = "884e2677b40cc8c339eaefcb701c32ef1fd2493d71118dc0ca4b6a736c93bd67"

[[package]]
name = "log"
version = "0.4.20"
source = "registry+https://github.com/rust-lang/crates.io-index"
checksum = "b5e6163cb8c49088c2c36f57875e58ccd8c87c7427f7fbd50ea6710b2f3f2e8f"

[[package]]
name = "memchr"
version = "2.6.4"
source = "registry+https://github.com/rust-lang/crates.io-index"
checksum = "f665ee40bc4a3c5590afb1e9677db74a508659dfd71e126420da8274909a0167"

[[package]]
name = "object"
version = "0.32.1"
source = "registry+https://github.com/rust-lang/crates.io-index"
checksum = "9cf5f9dd3933bd50a9e1f149ec995f39ae2c496d31fd772c1fd45ebc27e902b0"
dependencies = [
 "crc32fast",
 "hashbrown 0.14.2",
 "indexmap 2.0.2",
 "memchr",
]

[[package]]
name = "once_cell"
version = "1.18.0"
source = "registry+https://github.com/rust-lang/crates.io-index"
checksum = "dd8b5dd2ae5ed71462c540258bedcb51965123ad7e7ccf4b9a8cafaa4a63576d"

[[package]]
name = "proc-macro2"
version = "1.0.69"
source = "registry+https://github.com/rust-lang/crates.io-index"
checksum = "134c189feb4956b20f6f547d2cf727d4c0fe06722b20a0eec87ed445a97f92da"
dependencies = [
 "unicode-ident",
]

[[package]]
name = "quote"
version = "1.0.33"
source = "registry+https://github.com/rust-lang/crates.io-index"
checksum = "5267fca4496028628a95160fc423a33e8b2e6af8a5302579e322e4b520293cae"
dependencies = [
 "proc-macro2",
]

[[package]]
name = "ryu"
version = "1.0.15"
source = "registry+https://github.com/rust-lang/crates.io-index"
checksum = "1ad4cc8da4ef723ed60bced201181d83791ad433213d8c24efffda1eec85d741"

[[package]]
name = "semver"
version = "1.0.20"
source = "registry+https://github.com/rust-lang/crates.io-index"
checksum = "836fa6a3e1e547f9a2c4040802ec865b5d85f4014efe00555d7090a3dcaa1090"

[[package]]
name = "serde"
version = "1.0.190"
source = "registry+https://github.com/rust-lang/crates.io-index"
checksum = "91d3c334ca1ee894a2c6f6ad698fe8c435b76d504b13d436f0685d648d6d96f7"
dependencies = [
 "serde_derive",
]

[[package]]
name = "serde_derive"
version = "1.0.190"
source = "registry+https://github.com/rust-lang/crates.io-index"
checksum = "67c5609f394e5c2bd7fc51efda478004ea80ef42fee983d5c67a65e34f32c0e3"
dependencies = [
 "proc-macro2",
 "quote",
 "syn 2.0.38",
]

[[package]]
name = "serde_json"
version = "1.0.107"
source = "registry+https://github.com/rust-lang/crates.io-index"
checksum = "6b420ce6e3d8bd882e9b243c6eed35dbc9a6110c9769e74b584e0d68d1f20c65"
dependencies = [
 "itoa",
 "ryu",
 "serde",
]

[[package]]
name = "smallvec"
version = "1.11.1"
source = "registry+https://github.com/rust-lang/crates.io-index"
checksum = "942b4a808e05215192e39f4ab80813e599068285906cc91aa64f923db842bd5a"

[[package]]
name = "spdx"
version = "0.10.2"
source = "registry+https://github.com/rust-lang/crates.io-index"
checksum = "b19b32ed6d899ab23174302ff105c1577e45a06b08d4fe0a9dd13ce804bbbf71"
dependencies = [
 "smallvec",
]

[[package]]
name = "spidermonkey-embedding-splicer"
version = "0.1.0"
dependencies = [
 "anyhow",
 "heck 0.4.1",
 "js-component-bindgen",
 "walrus",
 "wasm-encoder 0.35.0",
 "wasmparser 0.115.0",
 "wit-bindgen",
 "wit-bindgen-core",
 "wit-component",
 "wit-parser",
]

[[package]]
name = "stable_deref_trait"
version = "1.2.0"
source = "registry+https://github.com/rust-lang/crates.io-index"
checksum = "a8f112729512f8e442d81f95a8a7ddf2b7c6b8a1a6f509a95864142b30cab2d3"

[[package]]
name = "syn"
version = "1.0.109"
source = "registry+https://github.com/rust-lang/crates.io-index"
checksum = "72b64191b275b66ffe2469e8af2c1cfe3bafa67b529ead792a6d0160888b4237"
dependencies = [
 "proc-macro2",
 "quote",
 "unicode-ident",
]

[[package]]
name = "syn"
version = "2.0.38"
source = "registry+https://github.com/rust-lang/crates.io-index"
checksum = "e96b79aaa137db8f61e26363a0c9b47d8b4ec75da28b7d1d614c2303e232408b"
dependencies = [
 "proc-macro2",
 "quote",
 "unicode-ident",
]

[[package]]
name = "target-lexicon"
version = "0.12.12"
source = "registry+https://github.com/rust-lang/crates.io-index"
checksum = "14c39fd04924ca3a864207c66fc2cd7d22d7c016007f9ce846cbb9326331930a"

[[package]]
name = "thiserror"
version = "1.0.50"
source = "registry+https://github.com/rust-lang/crates.io-index"
checksum = "f9a7210f5c9a7156bb50aa36aed4c95afb51df0df00713949448cf9e97d382d2"
dependencies = [
 "thiserror-impl",
]

[[package]]
name = "thiserror-impl"
version = "1.0.50"
source = "registry+https://github.com/rust-lang/crates.io-index"
checksum = "266b2e40bc00e5a6c09c3584011e08b06f123c00362c92b975ba9843aaaa14b8"
dependencies = [
 "proc-macro2",
 "quote",
 "syn 2.0.38",
]

[[package]]
name = "unicode-ident"
version = "1.0.12"
source = "registry+https://github.com/rust-lang/crates.io-index"
checksum = "3354b9ac3fae1ff6755cb6db53683adb661634f67557942dea4facebec0fee4b"

[[package]]
name = "unicode-segmentation"
version = "1.10.1"
source = "registry+https://github.com/rust-lang/crates.io-index"
checksum = "1dd624098567895118886609431a7c3b8f516e41d30e0643f03d94592a147e36"

[[package]]
name = "unicode-width"
version = "0.1.11"
source = "registry+https://github.com/rust-lang/crates.io-index"
checksum = "e51733f11c9c4f72aa0c160008246859e340b00807569a0da0e7a1079b27ba85"

[[package]]
name = "unicode-xid"
version = "0.2.4"
source = "registry+https://github.com/rust-lang/crates.io-index"
checksum = "f962df74c8c05a667b5ee8bcf162993134c104e96440b663c8daa176dc772d8c"

[[package]]
name = "version_check"
version = "0.9.4"
source = "registry+https://github.com/rust-lang/crates.io-index"
checksum = "49874b5167b65d7193b8aba1567f5c7d93d001cafc34600cee003eda787e483f"

[[package]]
name = "walrus"
version = "0.20.1"
source = "registry+https://github.com/rust-lang/crates.io-index"
checksum = "cc27d837c587f863d99515dc8cae7cef1098bd1d99fa29373e3660c12766265e"
dependencies = [
 "anyhow",
 "gimli 0.26.2",
 "id-arena",
 "leb128",
 "log",
 "walrus-macro",
 "wasm-encoder 0.29.0",
 "wasmparser 0.80.2",
]

[[package]]
name = "walrus-macro"
version = "0.19.0"
source = "registry+https://github.com/rust-lang/crates.io-index"
checksum = "0a6e5bd22c71e77d60140b0bd5be56155a37e5bd14e24f5f87298040d0cc40d7"
dependencies = [
 "heck 0.3.3",
 "proc-macro2",
 "quote",
 "syn 1.0.109",
]

[[package]]
name = "wasm-encoder"
version = "0.29.0"
source = "registry+https://github.com/rust-lang/crates.io-index"
checksum = "18c41dbd92eaebf3612a39be316540b8377c871cb9bde6b064af962984912881"
dependencies = [
 "leb128",
]

[[package]]
name = "wasm-encoder"
version = "0.35.0"
source = "registry+https://github.com/rust-lang/crates.io-index"
checksum = "9ca90ba1b5b0a70d3d49473c5579951f3bddc78d47b59256d2f9d4922b150aca"
dependencies = [
 "leb128",
]

[[package]]
name = "wasm-metadata"
version = "0.10.9"
source = "registry+https://github.com/rust-lang/crates.io-index"
checksum = "14abc161bfda5b519aa229758b68f2a52b45a12b993808665c857d1a9a00223c"
dependencies = [
 "anyhow",
 "indexmap 2.0.2",
 "serde",
 "serde_derive",
 "serde_json",
 "spdx",
 "wasm-encoder 0.35.0",
 "wasmparser 0.115.0",
]

[[package]]
name = "wasmparser"
version = "0.80.2"
source = "registry+https://github.com/rust-lang/crates.io-index"
checksum = "449167e2832691a1bff24cde28d2804e90e09586a448c8e76984792c44334a6b"

[[package]]
name = "wasmparser"
version = "0.115.0"
source = "registry+https://github.com/rust-lang/crates.io-index"
checksum = "e06c0641a4add879ba71ccb3a1e4278fd546f76f1eafb21d8f7b07733b547cd5"
dependencies = [
 "indexmap 2.0.2",
 "semver",
]

[[package]]
name = "wasmprinter"
version = "0.2.70"
source = "registry+https://github.com/rust-lang/crates.io-index"
checksum = "e74458a9bc5cc9c7108abfa0fe4dc88d5abf1f3baf194df3264985f17d559b5e"
dependencies = [
 "anyhow",
 "wasmparser 0.115.0",
]

[[package]]
name = "wasmtime-component-util"
version = "14.0.2"
source = "registry+https://github.com/rust-lang/crates.io-index"
checksum = "b18ff6d21a0ef69de7fd4db023646b386982e78b7e5c06e6455d98cf44774954"

[[package]]
name = "wasmtime-environ"
version = "14.0.2"
source = "registry+https://github.com/rust-lang/crates.io-index"
checksum = "d72b405647d5378ed3ff7889586d26d79825641f477f288bc72ab416136ad4da"
dependencies = [
 "anyhow",
 "cranelift-entity",
 "gimli 0.28.0",
 "indexmap 2.0.2",
 "log",
 "object",
 "serde",
 "serde_derive",
 "target-lexicon",
 "thiserror",
 "wasm-encoder 0.35.0",
 "wasmparser 0.115.0",
 "wasmprinter",
 "wasmtime-component-util",
 "wasmtime-types",
]

[[package]]
name = "wasmtime-types"
version = "14.0.2"
source = "registry+https://github.com/rust-lang/crates.io-index"
checksum = "4e98a2c09807eee3207991bf05b6271aa3817c548224ded6b7bac61374ef9221"
dependencies = [
 "cranelift-entity",
 "serde",
 "serde_derive",
 "thiserror",
 "wasmparser 0.115.0",
]

[[package]]
name = "wast"
version = "66.0.2"
source = "registry+https://github.com/rust-lang/crates.io-index"
checksum = "93cb43b0ac6dd156f2c375735ccfd72b012a7c0a6e6d09503499b8d3cb6e6072"
dependencies = [
 "leb128",
 "memchr",
 "unicode-width",
 "wasm-encoder 0.35.0",
]

[[package]]
name = "wat"
version = "1.0.77"
source = "registry+https://github.com/rust-lang/crates.io-index"
checksum = "e367582095d2903caeeea9acbb140e1db9c7677001efa4347c3687fd34fe7072"
dependencies = [
 "wast",
]

[[package]]
name = "wit-bindgen"
version = "0.13.0"
source = "registry+https://github.com/rust-lang/crates.io-index"
checksum = "c7d92ce0ca6b6074059413a9581a637550c3a740581c854f9847ec293c8aed71"
dependencies = [
 "bitflags",
 "wit-bindgen-rust-macro",
]

[[package]]
name = "wit-bindgen-core"
version = "0.13.0"
source = "registry+https://github.com/rust-lang/crates.io-index"
checksum = "565b945ae074886071eccf9cdaf8ccd7b959c2b0d624095bea5fe62003e8b3e0"
dependencies = [
 "anyhow",
 "wit-component",
 "wit-parser",
]

[[package]]
name = "wit-bindgen-rust"
version = "0.13.1"
source = "registry+https://github.com/rust-lang/crates.io-index"
checksum = "92a75f1427fe517d6476e95d5f1b90415273eac83b5a077fcce07920116959f0"
dependencies = [
 "anyhow",
 "heck 0.4.1",
 "wasm-metadata",
 "wit-bindgen-core",
 "wit-component",
]

[[package]]
name = "wit-bindgen-rust-macro"
version = "0.13.0"
source = "registry+https://github.com/rust-lang/crates.io-index"
checksum = "a91835ea4231da1fe7971679d505ba14be7826e192b6357f08465866ef482e08"
dependencies = [
 "anyhow",
 "proc-macro2",
 "quote",
 "syn 2.0.38",
 "wit-bindgen-core",
 "wit-bindgen-rust",
 "wit-component",
]

[[package]]
name = "wit-component"
version = "0.16.0"
source = "registry+https://github.com/rust-lang/crates.io-index"
checksum = "e87488b57a08e2cbbd076b325acbe7f8666965af174d69d5929cd373bd54547f"
dependencies = [
 "anyhow",
 "bitflags",
 "indexmap 2.0.2",
 "log",
 "serde",
 "serde_derive",
 "serde_json",
 "wasm-encoder 0.35.0",
 "wasm-metadata",
 "wasmparser 0.115.0",
 "wat",
 "wit-parser",
]

[[package]]
name = "wit-parser"
version = "0.12.1"
source = "registry+https://github.com/rust-lang/crates.io-index"
checksum = "f6ace9943d89bbf3dbbc71b966da0e7302057b311f36a4ac3d65ddfef17b52cf"
dependencies = [
 "anyhow",
 "id-arena",
 "indexmap 2.0.2",
 "log",
 "semver",
 "serde",
 "serde_derive",
 "serde_json",
 "unicode-xid",
]

[[package]]
name = "zerocopy"
version = "0.7.16"
source = "registry+https://github.com/rust-lang/crates.io-index"
checksum = "c552e97c5a9b90bc8ddc545b5106e798807376356688ebaa3aee36f44f8c4b9e"
dependencies = [
 "zerocopy-derive",
]

[[package]]
name = "zerocopy-derive"
version = "0.7.16"
source = "registry+https://github.com/rust-lang/crates.io-index"
checksum = "964bc0588d7ac1c0243d0427ef08482618313702bbb014806cb7ab3da34d3d99"
dependencies = [
 "proc-macro2",
 "quote",
 "syn 2.0.38",
]
