{
  "name": "js-component-runtime-proto",
  "lockfileVersion": 2,
  "requires": true,
  "packages": {
    "": {
      "dependencies": {
        "@jakechampion/wizer": "^1.6.0"
      },
      "devDependencies": {
        "js-component-tools": "^0.2.3"
      }
    },
    "node_modules/@jakechampion/wizer": {
      "version": "1.6.0",
      "resolved": "https://registry.npmjs.org/@jakechampion/wizer/-/wizer-1.6.0.tgz",
      "integrity": "sha512-o9BMmF+4IB0zfMoh14Ds3womotxETcroqaYMWt2gSlBBmqRc+oqG1LXGCJMB6Vp24ZUVxWkVFs2LLXE6Iyz9rg==",
      "bin": {
        "wizer": "wizer.js"
      },
      "engines": {
        "node": ">=16"
      },
      "optionalDependencies": {
        "@jakechampion/wizer-darwin-arm64": "1.6.0",
        "@jakechampion/wizer-darwin-x64": "1.6.0",
        "@jakechampion/wizer-linux-x64": "1.6.0",
        "@jakechampion/wizer-win32-x64": "1.6.0"
      }
    },
    "node_modules/@jakechampion/wizer-darwin-arm64": {
      "version": "1.6.0",
      "resolved": "https://registry.npmjs.org/@jakechampion/wizer-darwin-arm64/-/wizer-darwin-arm64-1.6.0.tgz",
      "integrity": "sha512-bQdIPdR+Ye0GiNdirVhx0kx14oY2uzwXfh/2dDgteBdcb7mDubzKbdt3ROMyV1UFRVhOtqbthZNk7qLBB6Occg==",
      "cpu": [
        "arm64"
      ],
      "optional": true,
      "os": [
        "darwin"
      ],
      "bin": {
        "wizer-darwin-arm64": "wizer"
      }
    },
    "node_modules/@jakechampion/wizer-darwin-x64": {
      "version": "1.6.0",
      "resolved": "https://registry.npmjs.org/@jakechampion/wizer-darwin-x64/-/wizer-darwin-x64-1.6.0.tgz",
      "integrity": "sha512-b+hdpZbhilsroSJU4Z2t+qj9lz3lr3M0TTyM8vlHODP0j8ZabZwPM8314wuSdSrHM5fZ9qIAO2Q94AUBBOeuRA==",
      "cpu": [
        "x64"
      ],
      "optional": true,
      "os": [
        "darwin"
      ],
      "bin": {
        "wizer-darwin-x64": "wizer"
      }
    },
    "node_modules/@jakechampion/wizer-linux-x64": {
      "version": "1.6.0",
      "resolved": "https://registry.npmjs.org/@jakechampion/wizer-linux-x64/-/wizer-linux-x64-1.6.0.tgz",
      "integrity": "sha512-nOH/wwoN/jaLYBKyCnEQJtqEOrSuXMOWIdnh/vAp5w4sFXuyelyZY0k6g9b8puzLOyXJTrUoYfhHyf2vdLGlxQ==",
      "cpu": [
        "x64"
      ],
      "optional": true,
      "os": [
        "linux"
      ],
      "bin": {
        "wizer-linux-x64": "wizer"
      }
    },
    "node_modules/@jakechampion/wizer-win32-x64": {
      "version": "1.6.0",
      "resolved": "https://registry.npmjs.org/@jakechampion/wizer-win32-x64/-/wizer-win32-x64-1.6.0.tgz",
      "integrity": "sha512-9xzpraJIhLdOnXTC1DjxjyfV52BBlAZTTAlpnE04GxVRvRGZ6wPi/RdACkg3inAfeTP7A/bTq3BJLql/Hansdw==",
      "cpu": [
        "x64"
      ],
      "optional": true,
      "os": [
        "win32"
      ],
      "bin": {
        "wizer-win32-x64": "wizer"
      }
    },
    "node_modules/js-component-tools": {
      "version": "0.2.3",
      "resolved": "https://registry.npmjs.org/js-component-tools/-/js-component-tools-0.2.3.tgz",
      "integrity": "sha512-hktKSgBaEk/Ttpl3ejBseeQn4K41wJijEA8YgxGXhyfCf5zT7YdEq1LYn+IYCPENEVgdcPK1c2ntbPKVjWeNJg==",
      "dev": true,
      "bin": {
        "jsct": "cli.mjs"
      }
    }
  },
  "dependencies": {
    "@jakechampion/wizer": {
      "version": "1.6.0",
      "resolved": "https://registry.npmjs.org/@jakechampion/wizer/-/wizer-1.6.0.tgz",
      "integrity": "sha512-o9BMmF+4IB0zfMoh14Ds3womotxETcroqaYMWt2gSlBBmqRc+oqG1LXGCJMB6Vp24ZUVxWkVFs2LLXE6Iyz9rg==",
      "requires": {
        "@jakechampion/wizer-darwin-arm64": "1.6.0",
        "@jakechampion/wizer-darwin-x64": "1.6.0",
        "@jakechampion/wizer-linux-x64": "1.6.0",
        "@jakechampion/wizer-win32-x64": "1.6.0"
      }
    },
    "@jakechampion/wizer-darwin-arm64": {
      "version": "1.6.0",
      "resolved": "https://registry.npmjs.org/@jakechampion/wizer-darwin-arm64/-/wizer-darwin-arm64-1.6.0.tgz",
      "integrity": "sha512-bQdIPdR+Ye0GiNdirVhx0kx14oY2uzwXfh/2dDgteBdcb7mDubzKbdt3ROMyV1UFRVhOtqbthZNk7qLBB6Occg==",
      "optional": true
    },
    "@jakechampion/wizer-darwin-x64": {
      "version": "1.6.0",
      "resolved": "https://registry.npmjs.org/@jakechampion/wizer-darwin-x64/-/wizer-darwin-x64-1.6.0.tgz",
      "integrity": "sha512-b+hdpZbhilsroSJU4Z2t+qj9lz3lr3M0TTyM8vlHODP0j8ZabZwPM8314wuSdSrHM5fZ9qIAO2Q94AUBBOeuRA==",
      "optional": true
    },
    "@jakechampion/wizer-linux-x64": {
      "version": "1.6.0",
      "resolved": "https://registry.npmjs.org/@jakechampion/wizer-linux-x64/-/wizer-linux-x64-1.6.0.tgz",
      "integrity": "sha512-nOH/wwoN/jaLYBKyCnEQJtqEOrSuXMOWIdnh/vAp5w4sFXuyelyZY0k6g9b8puzLOyXJTrUoYfhHyf2vdLGlxQ==",
      "optional": true
    },
    "@jakechampion/wizer-win32-x64": {
      "version": "1.6.0",
      "resolved": "https://registry.npmjs.org/@jakechampion/wizer-win32-x64/-/wizer-win32-x64-1.6.0.tgz",
      "integrity": "sha512-9xzpraJIhLdOnXTC1DjxjyfV52BBlAZTTAlpnE04GxVRvRGZ6wPi/RdACkg3inAfeTP7A/bTq3BJLql/Hansdw==",
      "optional": true
    },
    "js-component-tools": {
      "version": "0.2.3",
      "resolved": "https://registry.npmjs.org/js-component-tools/-/js-component-tools-0.2.3.tgz",
      "integrity": "sha512-hktKSgBaEk/Ttpl3ejBseeQn4K41wJijEA8YgxGXhyfCf5zT7YdEq1LYn+IYCPENEVgdcPK1c2ntbPKVjWeNJg==",
      "dev": true
    }
  }
}
